
Microsoft Visual Studio Solution File, Format Version 12.00
# Visual Studio 14
VisualStudioVersion = 14.0.25420.1
MinimumVisualStudioVersion = 10.0.40219.1
Project("{FAE04EC0-301F-11D3-BF4B-00C04F79EFBC}") = "im.sdk", "im.sdk\im.sdk.csproj", "{694C52E2-67C7-4C35-A037-5C9178F7BE11}"
EndProject
Project("{FAE04EC0-301F-11D3-BF4B-00C04F79EFBC}") = "im.test.console", "im.test.console\im.test.console.csproj", "{FC2FD97B-9C07-49A4-9B60-20AD9B7553DF}"
EndProject
Project("{FAE04EC0-301F-11D3-BF4B-00C04F79EFBC}") = "im.protocol", "im.protocol\im.protocol.csproj", "{64F4847B-69A8-4821-A92C-5CB26F574B7F}"
EndProject
Global
	GlobalSection(SolutionConfigurationPlatforms) = preSolution
		Debug|Any CPU = Debug|Any CPU
		Release|Any CPU = Release|Any CPU
	EndGlobalSection
	GlobalSection(ProjectConfigurationPlatforms) = postSolution
		{694C52E2-67C7-4C35-A037-5C9178F7BE11}.Debug|Any CPU.ActiveCfg = Debug|Any CPU
		{694C52E2-67C7-4C35-A037-5C9178F7BE11}.Debug|Any CPU.Build.0 = Debug|Any CPU
		{694C52E2-67C7-4C35-A037-5C9178F7BE11}.Release|Any CPU.ActiveCfg = Release|Any CPU
		{694C52E2-67C7-4C35-A037-5C9178F7BE11}.Release|Any CPU.Build.0 = Release|Any CPU
		{FC2FD97B-9C07-49A4-9B60-20AD9B7553DF}.Debug|Any CPU.ActiveCfg = Debug|Any CPU
		{FC2FD97B-9C07-49A4-9B60-20AD9B7553DF}.Debug|Any CPU.Build.0 = Debug|Any CPU
		{FC2FD97B-9C07-49A4-9B60-20AD9B7553DF}.Release|Any CPU.ActiveCfg = Release|Any CPU
		{FC2FD97B-9C07-49A4-9B60-20AD9B7553DF}.Release|Any CPU.Build.0 = Release|Any CPU
		{64F4847B-69A8-4821-A92C-5CB26F574B7F}.Debug|Any CPU.ActiveCfg = Debug|Any CPU
		{64F4847B-69A8-4821-A92C-5CB26F574B7F}.Debug|Any CPU.Build.0 = Debug|Any CPU
		{64F4847B-69A8-4821-A92C-5CB26F574B7F}.Release|Any CPU.ActiveCfg = Release|Any CPU
		{64F4847B-69A8-4821-A92C-5CB26F574B7F}.Release|Any CPU.Build.0 = Release|Any CPU
	EndGlobalSection
	GlobalSection(SolutionProperties) = preSolution
		HideSolutionNode = FALSE
	EndGlobalSection
EndGlobal
